
Microsoft Visual Studio Solution File, Format Version 12.00
# Visual Studio Version 17
VisualStudioVersion = 17.4.33205.214
MinimumVisualStudioVersion = 10.0.40219.1
Project("{9A19103F-16F7-4668-BE54-9A1E7A4F7556}") = "EverythingNet", "EverythingNet\EverythingNet.csproj", "{1867D16C-B274-4660-A73B-F14724CA1388}"
EndProject
Project("{9A19103F-16F7-4668-BE54-9A1E7A4F7556}") = "EverythingNet.Tests", "EverythingNet.Tests\EverythingNet.Tests.csproj", "{89D1BF8D-B489-4D9A-9272-61ACF05B428B}"
EndProject
Project("{9A19103F-16F7-4668-BE54-9A1E7A4F7556}") = "EverythingNet.Bench", "EverythingNet.Bench\EverythingNet.Bench.csproj", "{9DD2DCEF-C45F-4625-A482-D3C7A28419A6}"
EndProject
Global
	GlobalSection(SolutionConfigurationPlatforms) = preSolution
		Debug|Any CPU = Debug|Any CPU
		Debug|x64 = Debug|x64
		Release|Any CPU = Release|Any CPU
		Release|x64 = Release|x64
	EndGlobalSection
	GlobalSection(ProjectConfigurationPlatforms) = postSolution
		{1867D16C-B274-4660-A73B-F14724CA1388}.Debug|Any CPU.ActiveCfg = Debug|Any CPU
		{1867D16C-B274-4660-A73B-F14724CA1388}.Debug|Any CPU.Build.0 = Debug|Any CPU
		{1867D16C-B274-4660-A73B-F14724CA1388}.Debug|x64.ActiveCfg = Debug|x64
		{1867D16C-B274-4660-A73B-F14724CA1388}.Debug|x64.Build.0 = Debug|x64
		{1867D16C-B274-4660-A73B-F14724CA1388}.Release|Any CPU.ActiveCfg = Release|Any CPU
		{1867D16C-B274-4660-A73B-F14724CA1388}.Release|Any CPU.Build.0 = Release|Any CPU
		{1867D16C-B274-4660-A73B-F14724CA1388}.Release|x64.ActiveCfg = Release|x64
		{1867D16C-B274-4660-A73B-F14724CA1388}.Release|x64.Build.0 = Release|x64
		{89D1BF8D-B489-4D9A-9272-61ACF05B428B}.Debug|Any CPU.ActiveCfg = Debug|Any CPU
		{89D1BF8D-B489-4D9A-9272-61ACF05B428B}.Debug|Any CPU.Build.0 = Debug|Any CPU
		{89D1BF8D-B489-4D9A-9272-61ACF05B428B}.Debug|x64.ActiveCfg = Debug|Any CPU
		{89D1BF8D-B489-4D9A-9272-61ACF05B428B}.Debug|x64.Build.0 = Debug|Any CPU
		{89D1BF8D-B489-4D9A-9272-61ACF05B428B}.Release|Any CPU.ActiveCfg = Release|Any CPU
		{89D1BF8D-B489-4D9A-9272-61ACF05B428B}.Release|Any CPU.Build.0 = Release|Any CPU
		{89D1BF8D-B489-4D9A-9272-61ACF05B428B}.Release|x64.ActiveCfg = Release|Any CPU
		{89D1BF8D-B489-4D9A-9272-61ACF05B428B}.Release|x64.Build.0 = Release|Any CPU
		{9DD2DCEF-C45F-4625-A482-D3C7A28419A6}.Debug|Any CPU.ActiveCfg = Debug|Any CPU
		{9DD2DCEF-C45F-4625-A482-D3C7A28419A6}.Debug|Any CPU.Build.0 = Debug|Any CPU
		{9DD2DCEF-C45F-4625-A482-D3C7A28419A6}.Debug|x64.ActiveCfg = Debug|Any CPU
		{9DD2DCEF-C45F-4625-A482-D3C7A28419A6}.Debug|x64.Build.0 = Debug|Any CPU
		{9DD2DCEF-C45F-4625-A482-D3C7A28419A6}.Release|Any CPU.ActiveCfg = Release|Any CPU
		{9DD2DCEF-C45F-4625-A482-D3C7A28419A6}.Release|Any CPU.Build.0 = Release|Any CPU
		{9DD2DCEF-C45F-4625-A482-D3C7A28419A6}.Release|x64.ActiveCfg = Release|Any CPU
		{9DD2DCEF-C45F-4625-A482-D3C7A28419A6}.Release|x64.Build.0 = Release|Any CPU
	EndGlobalSection
	GlobalSection(SolutionProperties) = preSolution
		HideSolutionNode = FALSE
	EndGlobalSection
	GlobalSection(ExtensibilityGlobals) = postSolution
		SolutionGuid = {E0FCA274-2729-4720-9262-C1983BE5D378}
	EndGlobalSection
EndGlobal
